
Microsoft Visual Studio Solution File, Format Version 12.00
# Visual Studio Version 17
VisualStudioVersion = 17.0.31903.59
MinimumVisualStudioVersion = 10.0.40219.1
Project("{FAE04EC0-301F-11D3-BF4B-00C04F79EFBC}") = "TodoAPI.WebAPI", "TodoAPI.WebAPI\TodoAPI.WebAPI.csproj", "{BF65848B-D00C-4D06-B01C-23E37795BCDE}"
EndProject
Project("{FAE04EC0-301F-11D3-BF4B-00C04F79EFBC}") = "TodoAPI.Application", "TodoAPI.Application\TodoAPI.Application.csproj", "{BE92C21E-09AA-418B-B7AA-B4DB5A0F898F}"
EndProject
Project("{FAE04EC0-301F-11D3-BF4B-00C04F79EFBC}") = "TodoAPI.Domain", "TodoAPI.Domain\TodoAPI.Domain.csproj", "{BC7FD516-45AF-43F7-9AFE-A92303581A36}"
EndProject
Project("{FAE04EC0-301F-11D3-BF4B-00C04F79EFBC}") = "TodoAPI.Infrastructure", "TodoAPI.Infrastructure\TodoAPI.Infrastructure.csproj", "{D3C029D9-12B9-4B19-B95E-D48956790941}"
EndProject
Project("{FAE04EC0-301F-11D3-BF4B-00C04F79EFBC}") = "TodoTests", "TodoTests\TodoTests.csproj", "{C8E80BD1-4CE0-4D2C-A8E6-B70F6DC4ABBB}"
EndProject
Global
	GlobalSection(SolutionConfigurationPlatforms) = preSolution
		Debug|Any CPU = Debug|Any CPU
		Debug|x64 = Debug|x64
		Debug|x86 = Debug|x86
		Release|Any CPU = Release|Any CPU
		Release|x64 = Release|x64
		Release|x86 = Release|x86
	EndGlobalSection
	GlobalSection(ProjectConfigurationPlatforms) = postSolution
		{BF65848B-D00C-4D06-B01C-23E37795BCDE}.Debug|Any CPU.ActiveCfg = Debug|Any CPU
		{BF65848B-D00C-4D06-B01C-23E37795BCDE}.Debug|Any CPU.Build.0 = Debug|Any CPU
		{BF65848B-D00C-4D06-B01C-23E37795BCDE}.Debug|x64.ActiveCfg = Debug|Any CPU
		{BF65848B-D00C-4D06-B01C-23E37795BCDE}.Debug|x64.Build.0 = Debug|Any CPU
		{BF65848B-D00C-4D06-B01C-23E37795BCDE}.Debug|x86.ActiveCfg = Debug|Any CPU
		{BF65848B-D00C-4D06-B01C-23E37795BCDE}.Debug|x86.Build.0 = Debug|Any CPU
		{BF65848B-D00C-4D06-B01C-23E37795BCDE}.Release|Any CPU.ActiveCfg = Release|Any CPU
		{BF65848B-D00C-4D06-B01C-23E37795BCDE}.Release|Any CPU.Build.0 = Release|Any CPU
		{BF65848B-D00C-4D06-B01C-23E37795BCDE}.Release|x64.ActiveCfg = Release|Any CPU
		{BF65848B-D00C-4D06-B01C-23E37795BCDE}.Release|x64.Build.0 = Release|Any CPU
		{BF65848B-D00C-4D06-B01C-23E37795BCDE}.Release|x86.ActiveCfg = Release|Any CPU
		{BF65848B-D00C-4D06-B01C-23E37795BCDE}.Release|x86.Build.0 = Release|Any CPU
		{BE92C21E-09AA-418B-B7AA-B4DB5A0F898F}.Debug|Any CPU.ActiveCfg = Debug|Any CPU
		{BE92C21E-09AA-418B-B7AA-B4DB5A0F898F}.Debug|Any CPU.Build.0 = Debug|Any CPU
		{BE92C21E-09AA-418B-B7AA-B4DB5A0F898F}.Debug|x64.ActiveCfg = Debug|Any CPU
		{BE92C21E-09AA-418B-B7AA-B4DB5A0F898F}.Debug|x64.Build.0 = Debug|Any CPU
		{BE92C21E-09AA-418B-B7AA-B4DB5A0F898F}.Debug|x86.ActiveCfg = Debug|Any CPU
		{BE92C21E-09AA-418B-B7AA-B4DB5A0F898F}.Debug|x86.Build.0 = Debug|Any CPU
		{BE92C21E-09AA-418B-B7AA-B4DB5A0F898F}.Release|Any CPU.ActiveCfg = Release|Any CPU
		{BE92C21E-09AA-418B-B7AA-B4DB5A0F898F}.Release|Any CPU.Build.0 = Release|Any CPU
		{BE92C21E-09AA-418B-B7AA-B4DB5A0F898F}.Release|x64.ActiveCfg = Release|Any CPU
		{BE92C21E-09AA-418B-B7AA-B4DB5A0F898F}.Release|x64.Build.0 = Release|Any CPU
		{BE92C21E-09AA-418B-B7AA-B4DB5A0F898F}.Release|x86.ActiveCfg = Release|Any CPU
		{BE92C21E-09AA-418B-B7AA-B4DB5A0F898F}.Release|x86.Build.0 = Release|Any CPU
		{BC7FD516-45AF-43F7-9AFE-A92303581A36}.Debug|Any CPU.ActiveCfg = Debug|Any CPU
		{BC7FD516-45AF-43F7-9AFE-A92303581A36}.Debug|Any CPU.Build.0 = Debug|Any CPU
		{BC7FD516-45AF-43F7-9AFE-A92303581A36}.Debug|x64.ActiveCfg = Debug|Any CPU
		{BC7FD516-45AF-43F7-9AFE-A92303581A36}.Debug|x64.Build.0 = Debug|Any CPU
		{BC7FD516-45AF-43F7-9AFE-A92303581A36}.Debug|x86.ActiveCfg = Debug|Any CPU
		{BC7FD516-45AF-43F7-9AFE-A92303581A36}.Debug|x86.Build.0 = Debug|Any CPU
		{BC7FD516-45AF-43F7-9AFE-A92303581A36}.Release|Any CPU.ActiveCfg = Release|Any CPU
		{BC7FD516-45AF-43F7-9AFE-A92303581A36}.Release|Any CPU.Build.0 = Release|Any CPU
		{BC7FD516-45AF-43F7-9AFE-A92303581A36}.Release|x64.ActiveCfg = Release|Any CPU
		{BC7FD516-45AF-43F7-9AFE-A92303581A36}.Release|x64.Build.0 = Release|Any CPU
		{BC7FD516-45AF-43F7-9AFE-A92303581A36}.Release|x86.ActiveCfg = Release|Any CPU
		{BC7FD516-45AF-43F7-9AFE-A92303581A36}.Release|x86.Build.0 = Release|Any CPU
		{D3C029D9-12B9-4B19-B95E-D48956790941}.Debug|Any CPU.ActiveCfg = Debug|Any CPU
		{D3C029D9-12B9-4B19-B95E-D48956790941}.Debug|Any CPU.Build.0 = Debug|Any CPU
		{D3C029D9-12B9-4B19-B95E-D48956790941}.Debug|x64.ActiveCfg = Debug|Any CPU
		{D3C029D9-12B9-4B19-B95E-D48956790941}.Debug|x64.Build.0 = Debug|Any CPU
		{D3C029D9-12B9-4B19-B95E-D48956790941}.Debug|x86.ActiveCfg = Debug|Any CPU
		{D3C029D9-12B9-4B19-B95E-D48956790941}.Debug|x86.Build.0 = Debug|Any CPU
		{D3C029D9-12B9-4B19-B95E-D48956790941}.Release|Any CPU.ActiveCfg = Release|Any CPU
		{D3C029D9-12B9-4B19-B95E-D48956790941}.Release|Any CPU.Build.0 = Release|Any CPU
		{D3C029D9-12B9-4B19-B95E-D48956790941}.Release|x64.ActiveCfg = Release|Any CPU
		{D3C029D9-12B9-4B19-B95E-D48956790941}.Release|x64.Build.0 = Release|Any CPU
		{D3C029D9-12B9-4B19-B95E-D48956790941}.Release|x86.ActiveCfg = Release|Any CPU
		{D3C029D9-12B9-4B19-B95E-D48956790941}.Release|x86.Build.0 = Release|Any CPU
		{C8E80BD1-4CE0-4D2C-A8E6-B70F6DC4ABBB}.Debug|Any CPU.ActiveCfg = Debug|Any CPU
		{C8E80BD1-4CE0-4D2C-A8E6-B70F6DC4ABBB}.Debug|Any CPU.Build.0 = Debug|Any CPU
		{C8E80BD1-4CE0-4D2C-A8E6-B70F6DC4ABBB}.Debug|x64.ActiveCfg = Debug|Any CPU
		{C8E80BD1-4CE0-4D2C-A8E6-B70F6DC4ABBB}.Debug|x64.Build.0 = Debug|Any CPU
		{C8E80BD1-4CE0-4D2C-A8E6-B70F6DC4ABBB}.Debug|x86.ActiveCfg = Debug|Any CPU
		{C8E80BD1-4CE0-4D2C-A8E6-B70F6DC4ABBB}.Debug|x86.Build.0 = Debug|Any CPU
		{C8E80BD1-4CE0-4D2C-A8E6-B70F6DC4ABBB}.Release|Any CPU.ActiveCfg = Release|Any CPU
		{C8E80BD1-4CE0-4D2C-A8E6-B70F6DC4ABBB}.Release|Any CPU.Build.0 = Release|Any CPU
		{C8E80BD1-4CE0-4D2C-A8E6-B70F6DC4ABBB}.Release|x64.ActiveCfg = Release|Any CPU
		{C8E80BD1-4CE0-4D2C-A8E6-B70F6DC4ABBB}.Release|x64.Build.0 = Release|Any CPU
		{C8E80BD1-4CE0-4D2C-A8E6-B70F6DC4ABBB}.Release|x86.ActiveCfg = Release|Any CPU
		{C8E80BD1-4CE0-4D2C-A8E6-B70F6DC4ABBB}.Release|x86.Build.0 = Release|Any CPU
	EndGlobalSection
	GlobalSection(SolutionProperties) = preSolution
		HideSolutionNode = FALSE
	EndGlobalSection
EndGlobal
